
Microsoft Visual Studio Solution File, Format Version 12.00
# Visual Studio 14
VisualStudioVersion = 14.0.25420.1
MinimumVisualStudioVersion = 10.0.40219.1
Project("{2150E333-8FDC-42A3-9474-1A3956D46DE8}") = "src", "src", "{B213F565-85ED-481C-ABDD-05A90C53D876}"
EndProject
Project("{2150E333-8FDC-42A3-9474-1A3956D46DE8}") = "Solution Items", "Solution Items", "{94DD596C-FE81-4B7B-B3B4-6954BBF1FC22}"
	ProjectSection(SolutionItems) = preProject
		global.json = global.json
	EndProjectSection
EndProject
Project("{8BB2217D-0F2D-49D1-97BC-3654ED321F3B}") = "JobBoardMVC", "src\JobBoardMVC\JobBoardMVC.xproj", "{96182E3B-C517-4104-A95E-E6A36C81690A}"
EndProject
Global
	GlobalSection(SolutionConfigurationPlatforms) = preSolution
		Debug|Any CPU = Debug|Any CPU
		Release|Any CPU = Release|Any CPU
	EndGlobalSection
	GlobalSection(ProjectConfigurationPlatforms) = postSolution
		{96182E3B-C517-4104-A95E-E6A36C81690A}.Debug|Any CPU.ActiveCfg = Debug|Any CPU
		{96182E3B-C517-4104-A95E-E6A36C81690A}.Debug|Any CPU.Build.0 = Debug|Any CPU
		{96182E3B-C517-4104-A95E-E6A36C81690A}.Release|Any CPU.ActiveCfg = Release|Any CPU
		{96182E3B-C517-4104-A95E-E6A36C81690A}.Release|Any CPU.Build.0 = Release|Any CPU
	EndGlobalSection
	GlobalSection(SolutionProperties) = preSolution
		HideSolutionNode = FALSE
	EndGlobalSection
	GlobalSection(NestedProjects) = preSolution
		{96182E3B-C517-4104-A95E-E6A36C81690A} = {B213F565-85ED-481C-ABDD-05A90C53D876}
	EndGlobalSection
	GlobalSection(TeamFoundationVersionControl) = preSolution
		SccNumberOfProjects = 2
		SccEnterpriseProvider = {4CA58AB2-18FA-4F8D-95D4-32DDF27D184C}
		SccTeamFoundationServer = https://prosperitprojects.visualstudio.com/
		SccLocalPath0 = .
		SccProjectUniqueName1 = src\\JobBoardMVC\\JobBoardMVC.xproj
		SccProjectTopLevelParentUniqueName1 = JobBoardMVC.sln
		SccProjectName1 = src/JobBoardMVC
		SccLocalPath1 = src\\JobBoardMVC
	EndGlobalSection
EndGlobal
